{
  "name": "sniff-tools",
  "version": "1.0.0",
  "lockfileVersion": 3,
  "requires": true,
  "packages": {
    "": {
      "name": "sniff-tools",
      "version": "1.0.0",
      "license": "ISC",
      "devDependencies": {
        "@types/web": "^0.0.99",
        "typescript": "^5.0.4"
      }
    },
    "node_modules/@types/web": {
      "version": "0.0.99",
      "resolved": "https://registry.npmjs.org/@types/web/-/web-0.0.99.tgz",
      "integrity": "sha512-xMz3tOvtkZzc7RpQrDNiLe5sfMmP+fz8bOxHIZ/U8qXyvzDX4L4Ss1HCjor/O9DSelba+1iXK1VM7lruX28hiQ==",
      "dev": true
    },
    "node_modules/typescript": {
      "version": "5.0.4",
      "resolved": "https://registry.npmjs.org/typescript/-/typescript-5.0.4.tgz",
      "integrity": "sha512-cW9T5W9xY37cc+jfEnaUvX91foxtHkza3Nw3wkoF4sSlKn0MONdkdEndig/qPBWXNkmplh3NzayQzCiHM4/hqw==",
      "dev": true,
      "bin": {
        "tsc": "bin/tsc",
        "tsserver": "bin/tsserver"
      },
      "engines": {
        "node": ">=12.20"
      }
    }
  }
}
